
Microsoft Visual Studio Solution File, Format Version 12.00
# Visual Studio Version 17
VisualStudioVersion = 17.11.35208.52
MinimumVisualStudioVersion = 10.0.40219.1
Project("{FAE04EC0-301F-11D3-BF4B-00C04F79EFBC}") = "2septemberr", "2septemberr\2septemberr.csproj", "{890651D5-B55B-4322-8DFE-B33B550823EF}"
EndProject
Global
	GlobalSection(SolutionConfigurationPlatforms) = preSolution
		Debug|Any CPU = Debug|Any CPU
		Release|Any CPU = Release|Any CPU
	EndGlobalSection
	GlobalSection(ProjectConfigurationPlatforms) = postSolution
		{890651D5-B55B-4322-8DFE-B33B550823EF}.Debug|Any CPU.ActiveCfg = Debug|Any CPU
		{890651D5-B55B-4322-8DFE-B33B550823EF}.Debug|Any CPU.Build.0 = Debug|Any CPU
		{890651D5-B55B-4322-8DFE-B33B550823EF}.Release|Any CPU.ActiveCfg = Release|Any CPU
		{890651D5-B55B-4322-8DFE-B33B550823EF}.Release|Any CPU.Build.0 = Release|Any CPU
	EndGlobalSection
	GlobalSection(SolutionProperties) = preSolution
		HideSolutionNode = FALSE
	EndGlobalSection
	GlobalSection(ExtensibilityGlobals) = postSolution
		SolutionGuid = {2EE1666F-C1F9-4109-B244-4BF6F03353BC}
	EndGlobalSection
EndGlobal
